
Microsoft Visual Studio Solution File, Format Version 12.00
Project("{FAE04EC0-301F-11D3-BF4B-00C04F79EFBC}") = "Kata", "Kata.csproj", "{11DB86AE-E1BC-4C60-AC67-B4647A3AEC0C}"
EndProject
Global
	GlobalSection(SolutionConfigurationPlatforms) = preSolution
		Debug|Any CPU = Debug|Any CPU
		Release|Any CPU = Release|Any CPU
	EndGlobalSection
	GlobalSection(ProjectConfigurationPlatforms) = postSolution
		{11DB86AE-E1BC-4C60-AC67-B4647A3AEC0C}.Debug|Any CPU.ActiveCfg = Debug|Any CPU
		{11DB86AE-E1BC-4C60-AC67-B4647A3AEC0C}.Debug|Any CPU.Build.0 = Debug|Any CPU
		{11DB86AE-E1BC-4C60-AC67-B4647A3AEC0C}.Release|Any CPU.ActiveCfg = Release|Any CPU
		{11DB86AE-E1BC-4C60-AC67-B4647A3AEC0C}.Release|Any CPU.Build.0 = Release|Any CPU
	EndGlobalSection
EndGlobal
