
Microsoft Visual Studio Solution File, Format Version 12.00
Project("{FAE04EC0-301F-11D3-BF4B-00C04F79EFBC}") = "Kata.Exercises", "Kata.Exercises\Kata.Exercises.csproj", "{EB8F637E-A613-4083-BDCD-CE43C54A025F}"
EndProject
Project("{FAE04EC0-301F-11D3-BF4B-00C04F79EFBC}") = "Kata.Tests", "Kata.Tests\Kata.Tests.csproj", "{C96C56A8-1697-4E8D-AFDC-0B07982BF937}"
EndProject
Project("{FAE04EC0-301F-11D3-BF4B-00C04F79EFBC}") = "Kata.Solutions", "Kata.Solutions\Kata.Solutions.csproj", "{A135EAB8-6BFF-4161-B986-7816A13C6A11}"
EndProject
Global
	GlobalSection(SolutionConfigurationPlatforms) = preSolution
		Debug|Any CPU = Debug|Any CPU
		Release|Any CPU = Release|Any CPU
	EndGlobalSection
	GlobalSection(ProjectConfigurationPlatforms) = postSolution
		{EB8F637E-A613-4083-BDCD-CE43C54A025F}.Debug|Any CPU.ActiveCfg = Debug|Any CPU
		{EB8F637E-A613-4083-BDCD-CE43C54A025F}.Debug|Any CPU.Build.0 = Debug|Any CPU
		{EB8F637E-A613-4083-BDCD-CE43C54A025F}.Release|Any CPU.ActiveCfg = Release|Any CPU
		{EB8F637E-A613-4083-BDCD-CE43C54A025F}.Release|Any CPU.Build.0 = Release|Any CPU
		{C96C56A8-1697-4E8D-AFDC-0B07982BF937}.Debug|Any CPU.ActiveCfg = Debug|Any CPU
		{C96C56A8-1697-4E8D-AFDC-0B07982BF937}.Debug|Any CPU.Build.0 = Debug|Any CPU
		{C96C56A8-1697-4E8D-AFDC-0B07982BF937}.Release|Any CPU.ActiveCfg = Release|Any CPU
		{C96C56A8-1697-4E8D-AFDC-0B07982BF937}.Release|Any CPU.Build.0 = Release|Any CPU
		{A135EAB8-6BFF-4161-B986-7816A13C6A11}.Debug|Any CPU.ActiveCfg = Debug|Any CPU
		{A135EAB8-6BFF-4161-B986-7816A13C6A11}.Debug|Any CPU.Build.0 = Debug|Any CPU
		{A135EAB8-6BFF-4161-B986-7816A13C6A11}.Release|Any CPU.ActiveCfg = Release|Any CPU
		{A135EAB8-6BFF-4161-B986-7816A13C6A11}.Release|Any CPU.Build.0 = Release|Any CPU
	EndGlobalSection
EndGlobal
